
Microsoft Visual Studio Solution File, Format Version 12.00
# Visual Studio Version 17
VisualStudioVersion = 17.9.34902.65
MinimumVisualStudioVersion = 10.0.40219.1
Project("{FAE04EC0-301F-11D3-BF4B-00C04F79EFBC}") = "4inRow", "4inRow.csproj", "{D36B3C44-8724-41CE-B34F-9A24C1749ED2}"
EndProject
Global
	GlobalSection(SolutionConfigurationPlatforms) = preSolution
		Debug|Any CPU = Debug|Any CPU
		Release|Any CPU = Release|Any CPU
	EndGlobalSection
	GlobalSection(ProjectConfigurationPlatforms) = postSolution
		{D36B3C44-8724-41CE-B34F-9A24C1749ED2}.Debug|Any CPU.ActiveCfg = Debug|Any CPU
		{D36B3C44-8724-41CE-B34F-9A24C1749ED2}.Debug|Any CPU.Build.0 = Debug|Any CPU
		{D36B3C44-8724-41CE-B34F-9A24C1749ED2}.Release|Any CPU.ActiveCfg = Release|Any CPU
		{D36B3C44-8724-41CE-B34F-9A24C1749ED2}.Release|Any CPU.Build.0 = Release|Any CPU
	EndGlobalSection
	GlobalSection(SolutionProperties) = preSolution
		HideSolutionNode = FALSE
	EndGlobalSection
	GlobalSection(ExtensibilityGlobals) = postSolution
		SolutionGuid = {340A92F6-BE5A-47C5-81E4-D7400DF75CD5}
	EndGlobalSection
EndGlobal
